
Microsoft Visual Studio Solution File, Format Version 12.00
# Visual Studio Version 17
VisualStudioVersion = 17.0.31903.59
MinimumVisualStudioVersion = 10.0.40219.1
Project("{2150E333-8FDC-42A3-9474-1A3956D46DE8}") = "src", "src", "{827E0CD3-B72D-47B6-A68D-7590B98EB39B}"
EndProject
Project("{FAE04EC0-301F-11D3-BF4B-00C04F79EFBC}") = "Investment.Core", "src\Investment.Core\Investment.Core.csproj", "{6440570C-9574-4B5C-B21C-D93FA4B2D0D0}"
EndProject
Project("{FAE04EC0-301F-11D3-BF4B-00C04F79EFBC}") = "Investment.Persistence", "src\Investment.Persistence\Investment.Persistence.csproj", "{C23827A9-9C3F-4B52-A494-8818C7F0E211}"
EndProject
Project("{FAE04EC0-301F-11D3-BF4B-00C04F79EFBC}") = "Investment.Cli", "src\Investment.Cli\Investment.Cli.csproj", "{59CA735C-D8A0-47A9-BF95-DE16052FB733}"
EndProject
Project("{2150E333-8FDC-42A3-9474-1A3956D46DE8}") = "tests", "tests", "{0AB3BF05-4346-4AA6-1389-037BE0695223}"
EndProject
Project("{FAE04EC0-301F-11D3-BF4B-00C04F79EFBC}") = "Investment.Tests", "tests\Investment.Tests\Investment.Tests.csproj", "{6F3D0C05-A1C2-4E36-AC4E-DB1AA6654E20}"
EndProject
Global
	GlobalSection(SolutionConfigurationPlatforms) = preSolution
		Debug|Any CPU = Debug|Any CPU
		Debug|x64 = Debug|x64
		Debug|x86 = Debug|x86
		Release|Any CPU = Release|Any CPU
		Release|x64 = Release|x64
		Release|x86 = Release|x86
	EndGlobalSection
	GlobalSection(ProjectConfigurationPlatforms) = postSolution
		{6440570C-9574-4B5C-B21C-D93FA4B2D0D0}.Debug|Any CPU.ActiveCfg = Debug|Any CPU
		{6440570C-9574-4B5C-B21C-D93FA4B2D0D0}.Debug|Any CPU.Build.0 = Debug|Any CPU
		{6440570C-9574-4B5C-B21C-D93FA4B2D0D0}.Debug|x64.ActiveCfg = Debug|Any CPU
		{6440570C-9574-4B5C-B21C-D93FA4B2D0D0}.Debug|x64.Build.0 = Debug|Any CPU
		{6440570C-9574-4B5C-B21C-D93FA4B2D0D0}.Debug|x86.ActiveCfg = Debug|Any CPU
		{6440570C-9574-4B5C-B21C-D93FA4B2D0D0}.Debug|x86.Build.0 = Debug|Any CPU
		{6440570C-9574-4B5C-B21C-D93FA4B2D0D0}.Release|Any CPU.ActiveCfg = Release|Any CPU
		{6440570C-9574-4B5C-B21C-D93FA4B2D0D0}.Release|Any CPU.Build.0 = Release|Any CPU
		{6440570C-9574-4B5C-B21C-D93FA4B2D0D0}.Release|x64.ActiveCfg = Release|Any CPU
		{6440570C-9574-4B5C-B21C-D93FA4B2D0D0}.Release|x64.Build.0 = Release|Any CPU
		{6440570C-9574-4B5C-B21C-D93FA4B2D0D0}.Release|x86.ActiveCfg = Release|Any CPU
		{6440570C-9574-4B5C-B21C-D93FA4B2D0D0}.Release|x86.Build.0 = Release|Any CPU
		{C23827A9-9C3F-4B52-A494-8818C7F0E211}.Debug|Any CPU.ActiveCfg = Debug|Any CPU
		{C23827A9-9C3F-4B52-A494-8818C7F0E211}.Debug|Any CPU.Build.0 = Debug|Any CPU
		{C23827A9-9C3F-4B52-A494-8818C7F0E211}.Debug|x64.ActiveCfg = Debug|Any CPU
		{C23827A9-9C3F-4B52-A494-8818C7F0E211}.Debug|x64.Build.0 = Debug|Any CPU
		{C23827A9-9C3F-4B52-A494-8818C7F0E211}.Debug|x86.ActiveCfg = Debug|Any CPU
		{C23827A9-9C3F-4B52-A494-8818C7F0E211}.Debug|x86.Build.0 = Debug|Any CPU
		{C23827A9-9C3F-4B52-A494-8818C7F0E211}.Release|Any CPU.ActiveCfg = Release|Any CPU
		{C23827A9-9C3F-4B52-A494-8818C7F0E211}.Release|Any CPU.Build.0 = Release|Any CPU
		{C23827A9-9C3F-4B52-A494-8818C7F0E211}.Release|x64.ActiveCfg = Release|Any CPU
		{C23827A9-9C3F-4B52-A494-8818C7F0E211}.Release|x64.Build.0 = Release|Any CPU
		{C23827A9-9C3F-4B52-A494-8818C7F0E211}.Release|x86.ActiveCfg = Release|Any CPU
		{C23827A9-9C3F-4B52-A494-8818C7F0E211}.Release|x86.Build.0 = Release|Any CPU
		{59CA735C-D8A0-47A9-BF95-DE16052FB733}.Debug|Any CPU.ActiveCfg = Debug|Any CPU
		{59CA735C-D8A0-47A9-BF95-DE16052FB733}.Debug|Any CPU.Build.0 = Debug|Any CPU
		{59CA735C-D8A0-47A9-BF95-DE16052FB733}.Debug|x64.ActiveCfg = Debug|Any CPU
		{59CA735C-D8A0-47A9-BF95-DE16052FB733}.Debug|x64.Build.0 = Debug|Any CPU
		{59CA735C-D8A0-47A9-BF95-DE16052FB733}.Debug|x86.ActiveCfg = Debug|Any CPU
		{59CA735C-D8A0-47A9-BF95-DE16052FB733}.Debug|x86.Build.0 = Debug|Any CPU
		{59CA735C-D8A0-47A9-BF95-DE16052FB733}.Release|Any CPU.ActiveCfg = Release|Any CPU
		{59CA735C-D8A0-47A9-BF95-DE16052FB733}.Release|Any CPU.Build.0 = Release|Any CPU
		{59CA735C-D8A0-47A9-BF95-DE16052FB733}.Release|x64.ActiveCfg = Release|Any CPU
		{59CA735C-D8A0-47A9-BF95-DE16052FB733}.Release|x64.Build.0 = Release|Any CPU
		{59CA735C-D8A0-47A9-BF95-DE16052FB733}.Release|x86.ActiveCfg = Release|Any CPU
		{59CA735C-D8A0-47A9-BF95-DE16052FB733}.Release|x86.Build.0 = Release|Any CPU
		{6F3D0C05-A1C2-4E36-AC4E-DB1AA6654E20}.Debug|Any CPU.ActiveCfg = Debug|Any CPU
		{6F3D0C05-A1C2-4E36-AC4E-DB1AA6654E20}.Debug|Any CPU.Build.0 = Debug|Any CPU
		{6F3D0C05-A1C2-4E36-AC4E-DB1AA6654E20}.Debug|x64.ActiveCfg = Debug|Any CPU
		{6F3D0C05-A1C2-4E36-AC4E-DB1AA6654E20}.Debug|x64.Build.0 = Debug|Any CPU
		{6F3D0C05-A1C2-4E36-AC4E-DB1AA6654E20}.Debug|x86.ActiveCfg = Debug|Any CPU
		{6F3D0C05-A1C2-4E36-AC4E-DB1AA6654E20}.Debug|x86.Build.0 = Debug|Any CPU
		{6F3D0C05-A1C2-4E36-AC4E-DB1AA6654E20}.Release|Any CPU.ActiveCfg = Release|Any CPU
		{6F3D0C05-A1C2-4E36-AC4E-DB1AA6654E20}.Release|Any CPU.Build.0 = Release|Any CPU
		{6F3D0C05-A1C2-4E36-AC4E-DB1AA6654E20}.Release|x64.ActiveCfg = Release|Any CPU
		{6F3D0C05-A1C2-4E36-AC4E-DB1AA6654E20}.Release|x64.Build.0 = Release|Any CPU
		{6F3D0C05-A1C2-4E36-AC4E-DB1AA6654E20}.Release|x86.ActiveCfg = Release|Any CPU
		{6F3D0C05-A1C2-4E36-AC4E-DB1AA6654E20}.Release|x86.Build.0 = Release|Any CPU
	EndGlobalSection
	GlobalSection(SolutionProperties) = preSolution
		HideSolutionNode = FALSE
	EndGlobalSection
	GlobalSection(NestedProjects) = preSolution
		{6440570C-9574-4B5C-B21C-D93FA4B2D0D0} = {827E0CD3-B72D-47B6-A68D-7590B98EB39B}
		{C23827A9-9C3F-4B52-A494-8818C7F0E211} = {827E0CD3-B72D-47B6-A68D-7590B98EB39B}
		{59CA735C-D8A0-47A9-BF95-DE16052FB733} = {827E0CD3-B72D-47B6-A68D-7590B98EB39B}
		{6F3D0C05-A1C2-4E36-AC4E-DB1AA6654E20} = {0AB3BF05-4346-4AA6-1389-037BE0695223}
	EndGlobalSection
EndGlobal
